// !$*UTF8*$!
{
	archiveVersion = 1;
	classes = {
	};
	objectVersion = 50;
	objects = {

/* Begin PBXBuildFile section */
		3706FB6B213A9D3D0025907C /* QuestionsService.swift in Sources */ = {isa = PBXBuildFile; fileRef = 3706FB6A213A9D3D0025907C /* QuestionsService.swift */; };
		3706FB6D213AF3020025907C /* QuestionViewModel.swift in Sources */ = {isa = PBXBuildFile; fileRef = 3706FB6C213AF3020025907C /* QuestionViewModel.swift */; };
		3706FB6F213AF3190025907C /* QuestionView.swift in Sources */ = {isa = PBXBuildFile; fileRef = 3706FB6E213AF3190025907C /* QuestionView.swift */; };
		373C2A692136EB430087A234 /* ColorKit.swift in Sources */ = {isa = PBXBuildFile; fileRef = 373C2A682136EB430087A234 /* ColorKit.swift */; };
		373C2A6C2136F0860087A234 /* SearchQuestionsViewModel.swift in Sources */ = {isa = PBXBuildFile; fileRef = 373C2A6B2136F0860087A234 /* SearchQuestionsViewModel.swift */; };
		373C2A6F2136F0A50087A234 /* SearchQuestionsView.swift in Sources */ = {isa = PBXBuildFile; fileRef = 373C2A6E2136F0A50087A234 /* SearchQuestionsView.swift */; };
		373C2A722136F1510087A234 /* SearchRepositoryImplementation.swift in Sources */ = {isa = PBXBuildFile; fileRef = 373C2A712136F1510087A234 /* SearchRepositoryImplementation.swift */; };
		373C2A7B2136F4C40087A234 /* SearchQuestionsViewModelTests.swift in Sources */ = {isa = PBXBuildFile; fileRef = 373C2A7A2136F4C40087A234 /* SearchQuestionsViewModelTests.swift */; };
		373C2A7D2136FC750087A234 /* QuestionViewController.swift in Sources */ = {isa = PBXBuildFile; fileRef = 373C2A7C2136FC750087A234 /* QuestionViewController.swift */; };
		373C2A7F213723070087A234 /* QuestionCell.swift in Sources */ = {isa = PBXBuildFile; fileRef = 373C2A7E213723070087A234 /* QuestionCell.swift */; };
		373C2A82213729250087A234 /* QuestionModel.swift in Sources */ = {isa = PBXBuildFile; fileRef = 373C2A81213729250087A234 /* QuestionModel.swift */; };
		377D23372135C7CA002D05D8 /* GlobalStrings.strings in Resources */ = {isa = PBXBuildFile; fileRef = 377D23362135C7CA002D05D8 /* GlobalStrings.strings */; };
		3788FCDB2135C4CB00C983A3 /* SearchQuestionsViewController.swift in Sources */ = {isa = PBXBuildFile; fileRef = 3788FCDA2135C4CB00C983A3 /* SearchQuestionsViewController.swift */; };
		37A78A91213470D900E1C8D6 /* AppDelegate.swift in Sources */ = {isa = PBXBuildFile; fileRef = 37A78A90213470D900E1C8D6 /* AppDelegate.swift */; };
		37A78A96213470D900E1C8D6 /* Main.storyboard in Resources */ = {isa = PBXBuildFile; fileRef = 37A78A94213470D900E1C8D6 /* Main.storyboard */; };
		37A78A98213470DA00E1C8D6 /* Assets.xcassets in Resources */ = {isa = PBXBuildFile; fileRef = 37A78A97213470DA00E1C8D6 /* Assets.xcassets */; };
		37A78A9B213470DA00E1C8D6 /* LaunchScreen.storyboard in Resources */ = {isa = PBXBuildFile; fileRef = 37A78A99213470DA00E1C8D6 /* LaunchScreen.storyboard */; };
		37D2507E213BFD3100E19EF4 /* SearchRepository.swift in Sources */ = {isa = PBXBuildFile; fileRef = 37D2507D213BFD3100E19EF4 /* SearchRepository.swift */; };
		37D25080213C007600E19EF4 /* QuestionRequestModel.swift in Sources */ = {isa = PBXBuildFile; fileRef = 37D2507F213C007600E19EF4 /* QuestionRequestModel.swift */; };
		37D25083213D037B00E19EF4 /* DateFormatterExtension.swift in Sources */ = {isa = PBXBuildFile; fileRef = 37D25082213D037B00E19EF4 /* DateFormatterExtension.swift */; };
		37D25085213D1B0E00E19EF4 /* QuestionsServiceImplementation.swift in Sources */ = {isa = PBXBuildFile; fileRef = 37D25084213D1B0E00E19EF4 /* QuestionsServiceImplementation.swift */; };
		37D25088213D2B0600E19EF4 /* MockSearchQuestionsView.swift in Sources */ = {isa = PBXBuildFile; fileRef = 37D25087213D2B0600E19EF4 /* MockSearchQuestionsView.swift */; };
		37D2508A213D2BE400E19EF4 /* MockSearchRepository.swift in Sources */ = {isa = PBXBuildFile; fileRef = 37D25089213D2BE400E19EF4 /* MockSearchRepository.swift */; };
		37D2508D213D37CF00E19EF4 /* TestDataGenerator.swift in Sources */ = {isa = PBXBuildFile; fileRef = 37D2508C213D37CF00E19EF4 /* TestDataGenerator.swift */; };
		37D25093213D425200E19EF4 /* MockQuestionView.swift in Sources */ = {isa = PBXBuildFile; fileRef = 37D25092213D425200E19EF4 /* MockQuestionView.swift */; };
		37D25098213D4A9500E19EF4 /* QuestionViewModelTests.swift in Sources */ = {isa = PBXBuildFile; fileRef = 37D25097213D4A9500E19EF4 /* QuestionViewModelTests.swift */; };
		37D2509A213D699500E19EF4 /* MockQuestionService.swift in Sources */ = {isa = PBXBuildFile; fileRef = 37D25099213D699500E19EF4 /* MockQuestionService.swift */; };
		37D2509C213D6C8100E19EF4 /* SearchRepositoryImplementationTests.swift in Sources */ = {isa = PBXBuildFile; fileRef = 37D2509B213D6C8100E19EF4 /* SearchRepositoryImplementationTests.swift */; };
		37D250A0213DC18800E19EF4 /* ServiceError.swift in Sources */ = {isa = PBXBuildFile; fileRef = 37D2509F213DC18800E19EF4 /* ServiceError.swift */; };
		37D250A2213DC7F700E19EF4 /* ServiceFactory.swift in Sources */ = {isa = PBXBuildFile; fileRef = 37D250A1213DC7F700E19EF4 /* ServiceFactory.swift */; };
		37D250A4213DC83D00E19EF4 /* MockServiceFactory.swift in Sources */ = {isa = PBXBuildFile; fileRef = 37D250A3213DC83D00E19EF4 /* MockServiceFactory.swift */; };
		37D250A6213DC8EE00E19EF4 /* QuestionServiceImplementationTests.swift in Sources */ = {isa = PBXBuildFile; fileRef = 37D250A5213DC8EE00E19EF4 /* QuestionServiceImplementationTests.swift */; };
		37D250A8213DD8CC00E19EF4 /* AsynchronousRunner.swift in Sources */ = {isa = PBXBuildFile; fileRef = 37D250A7213DD8CC00E19EF4 /* AsynchronousRunner.swift */; };
		37D250AA213DDB1700E19EF4 /* MockAsynchronousRunner.swift in Sources */ = {isa = PBXBuildFile; fileRef = 37D250A9213DDB1700E19EF4 /* MockAsynchronousRunner.swift */; };
/* End PBXBuildFile section */

/* Begin PBXContainerItemProxy section */
		37A78AA2213470DA00E1C8D6 /* PBXContainerItemProxy */ = {
			isa = PBXContainerItemProxy;
			containerPortal = 37A78A85213470D800E1C8D6 /* Project object */;
			proxyType = 1;
			remoteGlobalIDString = 37A78A8C213470D800E1C8D6;
			remoteInfo = "GK Exchange";
		};
/* End PBXContainerItemProxy section */

/* Begin PBXFileReference section */
		3706FB6A213A9D3D0025907C /* QuestionsService.swift */ = {isa = PBXFileReference; lastKnownFileType = sourcecode.swift; path = QuestionsService.swift; sourceTree = "<group>"; };
		3706FB6C213AF3020025907C /* QuestionViewModel.swift */ = {isa = PBXFileReference; lastKnownFileType = sourcecode.swift; path = QuestionViewModel.swift; sourceTree = "<group>"; };
		3706FB6E213AF3190025907C /* QuestionView.swift */ = {isa = PBXFileReference; lastKnownFileType = sourcecode.swift; path = QuestionView.swift; sourceTree = "<group>"; };
		373C2A682136EB430087A234 /* ColorKit.swift */ = {isa = PBXFileReference; lastKnownFileType = sourcecode.swift; path = ColorKit.swift; sourceTree = "<group>"; };
		373C2A6B2136F0860087A234 /* SearchQuestionsViewModel.swift */ = {isa = PBXFileReference; lastKnownFileType = sourcecode.swift; path = SearchQuestionsViewModel.swift; sourceTree = "<group>"; };
		373C2A6E2136F0A50087A234 /* SearchQuestionsView.swift */ = {isa = PBXFileReference; lastKnownFileType = sourcecode.swift; path = SearchQuestionsView.swift; sourceTree = "<group>"; };
		373C2A712136F1510087A234 /* SearchRepositoryImplementation.swift */ = {isa = PBXFileReference; lastKnownFileType = sourcecode.swift; path = SearchRepositoryImplementation.swift; sourceTree = "<group>"; };
		373C2A792136F4C30087A234 /* GK ExchangeTests-Bridging-Header.h */ = {isa = PBXFileReference; lastKnownFileType = sourcecode.c.h; path = "GK ExchangeTests-Bridging-Header.h"; sourceTree = "<group>"; };
		373C2A7A2136F4C40087A234 /* SearchQuestionsViewModelTests.swift */ = {isa = PBXFileReference; lastKnownFileType = sourcecode.swift; path = SearchQuestionsViewModelTests.swift; sourceTree = "<group>"; };
		373C2A7C2136FC750087A234 /* QuestionViewController.swift */ = {isa = PBXFileReference; lastKnownFileType = sourcecode.swift; path = QuestionViewController.swift; sourceTree = "<group>"; };
		373C2A7E213723070087A234 /* QuestionCell.swift */ = {isa = PBXFileReference; lastKnownFileType = sourcecode.swift; path = QuestionCell.swift; sourceTree = "<group>"; };
		373C2A81213729250087A234 /* QuestionModel.swift */ = {isa = PBXFileReference; lastKnownFileType = sourcecode.swift; path = QuestionModel.swift; sourceTree = "<group>"; };
		377D23362135C7CA002D05D8 /* GlobalStrings.strings */ = {isa = PBXFileReference; lastKnownFileType = text.plist.strings; path = GlobalStrings.strings; sourceTree = "<group>"; };
		3788FCDA2135C4CB00C983A3 /* SearchQuestionsViewController.swift */ = {isa = PBXFileReference; lastKnownFileType = sourcecode.swift; path = SearchQuestionsViewController.swift; sourceTree = "<group>"; };
		37A78A8D213470D800E1C8D6 /* GK Exchange.app */ = {isa = PBXFileReference; explicitFileType = wrapper.application; includeInIndex = 0; path = "GK Exchange.app"; sourceTree = BUILT_PRODUCTS_DIR; };
		37A78A90213470D900E1C8D6 /* AppDelegate.swift */ = {isa = PBXFileReference; lastKnownFileType = sourcecode.swift; path = AppDelegate.swift; sourceTree = "<group>"; };
		37A78A95213470D900E1C8D6 /* Base */ = {isa = PBXFileReference; lastKnownFileType = file.storyboard; name = Base; path = Base.lproj/Main.storyboard; sourceTree = "<group>"; };
		37A78A97213470DA00E1C8D6 /* Assets.xcassets */ = {isa = PBXFileReference; lastKnownFileType = folder.assetcatalog; path = Assets.xcassets; sourceTree = "<group>"; };
		37A78A9A213470DA00E1C8D6 /* Base */ = {isa = PBXFileReference; lastKnownFileType = file.storyboard; name = Base; path = Base.lproj/LaunchScreen.storyboard; sourceTree = "<group>"; };
		37A78A9C213470DA00E1C8D6 /* Info.plist */ = {isa = PBXFileReference; lastKnownFileType = text.plist.xml; path = Info.plist; sourceTree = "<group>"; };
		37A78AA1213470DA00E1C8D6 /* GK ExchangeTests.xctest */ = {isa = PBXFileReference; explicitFileType = wrapper.cfbundle; includeInIndex = 0; path = "GK ExchangeTests.xctest"; sourceTree = BUILT_PRODUCTS_DIR; };
		37A78AA7213470DA00E1C8D6 /* Info.plist */ = {isa = PBXFileReference; lastKnownFileType = text.plist.xml; path = Info.plist; sourceTree = "<group>"; };
		37D2507D213BFD3100E19EF4 /* SearchRepository.swift */ = {isa = PBXFileReference; lastKnownFileType = sourcecode.swift; path = SearchRepository.swift; sourceTree = "<group>"; };
		37D2507F213C007600E19EF4 /* QuestionRequestModel.swift */ = {isa = PBXFileReference; lastKnownFileType = sourcecode.swift; path = QuestionRequestModel.swift; sourceTree = "<group>"; };
		37D25082213D037B00E19EF4 /* DateFormatterExtension.swift */ = {isa = PBXFileReference; lastKnownFileType = sourcecode.swift; path = DateFormatterExtension.swift; sourceTree = "<group>"; };
		37D25084213D1B0E00E19EF4 /* QuestionsServiceImplementation.swift */ = {isa = PBXFileReference; lastKnownFileType = sourcecode.swift; path = QuestionsServiceImplementation.swift; sourceTree = "<group>"; };
		37D25087213D2B0600E19EF4 /* MockSearchQuestionsView.swift */ = {isa = PBXFileReference; lastKnownFileType = sourcecode.swift; path = MockSearchQuestionsView.swift; sourceTree = "<group>"; };
		37D25089213D2BE400E19EF4 /* MockSearchRepository.swift */ = {isa = PBXFileReference; lastKnownFileType = sourcecode.swift; path = MockSearchRepository.swift; sourceTree = "<group>"; };
		37D2508C213D37CF00E19EF4 /* TestDataGenerator.swift */ = {isa = PBXFileReference; lastKnownFileType = sourcecode.swift; path = TestDataGenerator.swift; sourceTree = "<group>"; };
		37D25092213D425200E19EF4 /* MockQuestionView.swift */ = {isa = PBXFileReference; lastKnownFileType = sourcecode.swift; path = MockQuestionView.swift; sourceTree = "<group>"; };
		37D25097213D4A9500E19EF4 /* QuestionViewModelTests.swift */ = {isa = PBXFileReference; lastKnownFileType = sourcecode.swift; path = QuestionViewModelTests.swift; sourceTree = "<group>"; };
		37D25099213D699500E19EF4 /* MockQuestionService.swift */ = {isa = PBXFileReference; lastKnownFileType = sourcecode.swift; path = MockQuestionService.swift; sourceTree = "<group>"; };
		37D2509B213D6C8100E19EF4 /* SearchRepositoryImplementationTests.swift */ = {isa = PBXFileReference; lastKnownFileType = sourcecode.swift; path = SearchRepositoryImplementationTests.swift; sourceTree = "<group>"; };
		37D2509F213DC18800E19EF4 /* ServiceError.swift */ = {isa = PBXFileReference; lastKnownFileType = sourcecode.swift; path = ServiceError.swift; sourceTree = "<group>"; };
		37D250A1213DC7F700E19EF4 /* ServiceFactory.swift */ = {isa = PBXFileReference; lastKnownFileType = sourcecode.swift; path = ServiceFactory.swift; sourceTree = "<group>"; };
		37D250A3213DC83D00E19EF4 /* MockServiceFactory.swift */ = {isa = PBXFileReference; lastKnownFileType = sourcecode.swift; path = MockServiceFactory.swift; sourceTree = "<group>"; };
		37D250A5213DC8EE00E19EF4 /* QuestionServiceImplementationTests.swift */ = {isa = PBXFileReference; lastKnownFileType = sourcecode.swift; path = QuestionServiceImplementationTests.swift; sourceTree = "<group>"; };
		37D250A7213DD8CC00E19EF4 /* AsynchronousRunner.swift */ = {isa = PBXFileReference; lastKnownFileType = sourcecode.swift; path = AsynchronousRunner.swift; sourceTree = "<group>"; };
		37D250A9213DDB1700E19EF4 /* MockAsynchronousRunner.swift */ = {isa = PBXFileReference; lastKnownFileType = sourcecode.swift; path = MockAsynchronousRunner.swift; sourceTree = "<group>"; };
/* End PBXFileReference section */

/* Begin PBXFrameworksBuildPhase section */
		37A78A8A213470D800E1C8D6 /* Frameworks */ = {
			isa = PBXFrameworksBuildPhase;
			buildActionMask = 2147483647;
			files = (
			);
			runOnlyForDeploymentPostprocessing = 0;
		};
		37A78A9E213470DA00E1C8D6 /* Frameworks */ = {
			isa = PBXFrameworksBuildPhase;
			buildActionMask = 2147483647;
			files = (
			);
			runOnlyForDeploymentPostprocessing = 0;
		};
/* End PBXFrameworksBuildPhase section */

/* Begin PBXGroup section */
		3706FB69213A9D2E0025907C /* Service */ = {
			isa = PBXGroup;
			children = (
				3706FB6A213A9D3D0025907C /* QuestionsService.swift */,
				37D25084213D1B0E00E19EF4 /* QuestionsServiceImplementation.swift */,
				37D2509F213DC18800E19EF4 /* ServiceError.swift */,
				37D250A1213DC7F700E19EF4 /* ServiceFactory.swift */,
				37D250A7213DD8CC00E19EF4 /* AsynchronousRunner.swift */,
			);
			name = Service;
			sourceTree = "<group>";
		};
		373C2A6A2136F0620087A234 /* ViewModel */ = {
			isa = PBXGroup;
			children = (
				373C2A6B2136F0860087A234 /* SearchQuestionsViewModel.swift */,
				3706FB6C213AF3020025907C /* QuestionViewModel.swift */,
			);
			name = ViewModel;
			sourceTree = "<group>";
		};
		373C2A6D2136F0960087A234 /* View */ = {
			isa = PBXGroup;
			children = (
				373C2A6E2136F0A50087A234 /* SearchQuestionsView.swift */,
				373C2A7E213723070087A234 /* QuestionCell.swift */,
				3706FB6E213AF3190025907C /* QuestionView.swift */,
			);
			name = View;
			sourceTree = "<group>";
		};
		373C2A702136F12D0087A234 /* Repository */ = {
			isa = PBXGroup;
			children = (
				373C2A712136F1510087A234 /* SearchRepositoryImplementation.swift */,
				37D2507D213BFD3100E19EF4 /* SearchRepository.swift */,
			);
			name = Repository;
			sourceTree = "<group>";
		};
		373C2A802137290F0087A234 /* Model */ = {
			isa = PBXGroup;
			children = (
				373C2A81213729250087A234 /* QuestionModel.swift */,
				37D2507F213C007600E19EF4 /* QuestionRequestModel.swift */,
			);
			name = Model;
			sourceTree = "<group>";
		};
		3788FCD92135C4AB00C983A3 /* Controller */ = {
			isa = PBXGroup;
			children = (
				3788FCDA2135C4CB00C983A3 /* SearchQuestionsViewController.swift */,
				373C2A7C2136FC750087A234 /* QuestionViewController.swift */,
			);
			name = Controller;
			sourceTree = "<group>";
		};
		37A78A84213470D800E1C8D6 = {
			isa = PBXGroup;
			children = (
				37A78A8F213470D800E1C8D6 /* GK Exchange */,
				37A78AA4213470DA00E1C8D6 /* GK ExchangeTests */,
				37A78A8E213470D800E1C8D6 /* Products */,
			);
			sourceTree = "<group>";
		};
		37A78A8E213470D800E1C8D6 /* Products */ = {
			isa = PBXGroup;
			children = (
				37A78A8D213470D800E1C8D6 /* GK Exchange.app */,
				37A78AA1213470DA00E1C8D6 /* GK ExchangeTests.xctest */,
			);
			name = Products;
			sourceTree = "<group>";
		};
		37A78A8F213470D800E1C8D6 /* GK Exchange */ = {
			isa = PBXGroup;
			children = (
				37D25081213D033400E19EF4 /* Extensions */,
				3706FB69213A9D2E0025907C /* Service */,
				373C2A802137290F0087A234 /* Model */,
				373C2A702136F12D0087A234 /* Repository */,
				373C2A6D2136F0960087A234 /* View */,
				373C2A6A2136F0620087A234 /* ViewModel */,
				3788FCD92135C4AB00C983A3 /* Controller */,
				37A78AB22134718D00E1C8D6 /* Resources */,
				37A78AB12134717000E1C8D6 /* Storyboards */,
				37A78AB02134714300E1C8D6 /* Supporting Files */,
			);
			path = "GK Exchange";
			sourceTree = "<group>";
		};
		37A78AA4213470DA00E1C8D6 /* GK ExchangeTests */ = {
			isa = PBXGroup;
			children = (
				37A78AA7213470DA00E1C8D6 /* Info.plist */,
				373C2A792136F4C30087A234 /* GK ExchangeTests-Bridging-Header.h */,
				37D2508E213D41AE00E19EF4 /* Tests */,
				37D2508B213D37B500E19EF4 /* TestDataGenerators */,
				37D25086213D2AEA00E19EF4 /* Mocks */,
			);
			path = "GK ExchangeTests";
			sourceTree = "<group>";
		};
		37A78AB02134714300E1C8D6 /* Supporting Files */ = {
			isa = PBXGroup;
			children = (
				37A78A90213470D900E1C8D6 /* AppDelegate.swift */,
				37A78A9C213470DA00E1C8D6 /* Info.plist */,
			);
			name = "Supporting Files";
			sourceTree = "<group>";
		};
		37A78AB12134717000E1C8D6 /* Storyboards */ = {
			isa = PBXGroup;
			children = (
				37A78A99213470DA00E1C8D6 /* LaunchScreen.storyboard */,
				37A78A94213470D900E1C8D6 /* Main.storyboard */,
			);
			path = Storyboards;
			sourceTree = "<group>";
		};
		37A78AB22134718D00E1C8D6 /* Resources */ = {
			isa = PBXGroup;
			children = (
				37A78A97213470DA00E1C8D6 /* Assets.xcassets */,
				377D23362135C7CA002D05D8 /* GlobalStrings.strings */,
				373C2A682136EB430087A234 /* ColorKit.swift */,
			);
			name = Resources;
			sourceTree = "<group>";
		};
		37D25081213D033400E19EF4 /* Extensions */ = {
			isa = PBXGroup;
			children = (
				37D25082213D037B00E19EF4 /* DateFormatterExtension.swift */,
			);
			name = Extensions;
			sourceTree = "<group>";
		};
		37D25086213D2AEA00E19EF4 /* Mocks */ = {
			isa = PBXGroup;
			children = (
				37D25087213D2B0600E19EF4 /* MockSearchQuestionsView.swift */,
				37D25089213D2BE400E19EF4 /* MockSearchRepository.swift */,
				37D25092213D425200E19EF4 /* MockQuestionView.swift */,
				37D25099213D699500E19EF4 /* MockQuestionService.swift */,
				37D250A3213DC83D00E19EF4 /* MockServiceFactory.swift */,
				37D250A9213DDB1700E19EF4 /* MockAsynchronousRunner.swift */,
			);
			path = Mocks;
			sourceTree = "<group>";
		};
		37D2508B213D37B500E19EF4 /* TestDataGenerators */ = {
			isa = PBXGroup;
			children = (
				37D2508C213D37CF00E19EF4 /* TestDataGenerator.swift */,
			);
			path = TestDataGenerators;
			sourceTree = "<group>";
		};
		37D2508E213D41AE00E19EF4 /* Tests */ = {
			isa = PBXGroup;
			children = (
				373C2A7A2136F4C40087A234 /* SearchQuestionsViewModelTests.swift */,
				37D25097213D4A9500E19EF4 /* QuestionViewModelTests.swift */,
				37D2509B213D6C8100E19EF4 /* SearchRepositoryImplementationTests.swift */,
				37D250A5213DC8EE00E19EF4 /* QuestionServiceImplementationTests.swift */,
			);
			path = Tests;
			sourceTree = "<group>";
		};
/* End PBXGroup section */

/* Begin PBXNativeTarget section */
		37A78A8C213470D800E1C8D6 /* GK Exchange */ = {
			isa = PBXNativeTarget;
			buildConfigurationList = 37A78AAA213470DA00E1C8D6 /* Build configuration list for PBXNativeTarget "GK Exchange" */;
			buildPhases = (
				37A78A89213470D800E1C8D6 /* Sources */,
				37A78A8A213470D800E1C8D6 /* Frameworks */,
				37A78A8B213470D800E1C8D6 /* Resources */,
			);
			buildRules = (
			);
			dependencies = (
			);
			name = "GK Exchange";
			productName = "GK Exchange";
			productReference = 37A78A8D213470D800E1C8D6 /* GK Exchange.app */;
			productType = "com.apple.product-type.application";
		};
		37A78AA0213470DA00E1C8D6 /* GK ExchangeTests */ = {
			isa = PBXNativeTarget;
			buildConfigurationList = 37A78AAD213470DA00E1C8D6 /* Build configuration list for PBXNativeTarget "GK ExchangeTests" */;
			buildPhases = (
				37A78A9D213470DA00E1C8D6 /* Sources */,
				37A78A9E213470DA00E1C8D6 /* Frameworks */,
				37A78A9F213470DA00E1C8D6 /* Resources */,
			);
			buildRules = (
			);
			dependencies = (
				37A78AA3213470DA00E1C8D6 /* PBXTargetDependency */,
			);
			name = "GK ExchangeTests";
			productName = "GK ExchangeTests";
			productReference = 37A78AA1213470DA00E1C8D6 /* GK ExchangeTests.xctest */;
			productType = "com.apple.product-type.bundle.unit-test";
		};
/* End PBXNativeTarget section */

/* Begin PBXProject section */
		37A78A85213470D800E1C8D6 /* Project object */ = {
			isa = PBXProject;
			attributes = {
				LastSwiftUpdateCheck = 0940;
				LastUpgradeCheck = 0940;
				ORGANIZATIONNAME = "Errol Liebenberg";
				TargetAttributes = {
					37A78A8C213470D800E1C8D6 = {
						CreatedOnToolsVersion = 9.4.1;
					};
					37A78AA0213470DA00E1C8D6 = {
						CreatedOnToolsVersion = 9.4.1;
						LastSwiftMigration = 0940;
						TestTargetID = 37A78A8C213470D800E1C8D6;
					};
				};
			};
			buildConfigurationList = 37A78A88213470D800E1C8D6 /* Build configuration list for PBXProject "GK Exchange" */;
			compatibilityVersion = "Xcode 9.3";
			developmentRegion = en;
			hasScannedForEncodings = 0;
			knownRegions = (
				en,
				Base,
			);
			mainGroup = 37A78A84213470D800E1C8D6;
			productRefGroup = 37A78A8E213470D800E1C8D6 /* Products */;
			projectDirPath = "";
			projectRoot = "";
			targets = (
				37A78A8C213470D800E1C8D6 /* GK Exchange */,
				37A78AA0213470DA00E1C8D6 /* GK ExchangeTests */,
			);
		};
/* End PBXProject section */

/* Begin PBXResourcesBuildPhase section */
		37A78A8B213470D800E1C8D6 /* Resources */ = {
			isa = PBXResourcesBuildPhase;
			buildActionMask = 2147483647;
			files = (
				377D23372135C7CA002D05D8 /* GlobalStrings.strings in Resources */,
				37A78A9B213470DA00E1C8D6 /* LaunchScreen.storyboard in Resources */,
				37A78A98213470DA00E1C8D6 /* Assets.xcassets in Resources */,
				37A78A96213470D900E1C8D6 /* Main.storyboard in Resources */,
			);
			runOnlyForDeploymentPostprocessing = 0;
		};
		37A78A9F213470DA00E1C8D6 /* Resources */ = {
			isa = PBXResourcesBuildPhase;
			buildActionMask = 2147483647;
			files = (
			);
			runOnlyForDeploymentPostprocessing = 0;
		};
/* End PBXResourcesBuildPhase section */

/* Begin PBXSourcesBuildPhase section */
		37A78A89213470D800E1C8D6 /* Sources */ = {
			isa = PBXSourcesBuildPhase;
			buildActionMask = 2147483647;
			files = (
				3788FCDB2135C4CB00C983A3 /* SearchQuestionsViewController.swift in Sources */,
				37D25085213D1B0E00E19EF4 /* QuestionsServiceImplementation.swift in Sources */,
				3706FB6B213A9D3D0025907C /* QuestionsService.swift in Sources */,
				37D25083213D037B00E19EF4 /* DateFormatterExtension.swift in Sources */,
				373C2A722136F1510087A234 /* SearchRepositoryImplementation.swift in Sources */,
				373C2A7D2136FC750087A234 /* QuestionViewController.swift in Sources */,
				3706FB6F213AF3190025907C /* QuestionView.swift in Sources */,
				373C2A692136EB430087A234 /* ColorKit.swift in Sources */,
				37D250A2213DC7F700E19EF4 /* ServiceFactory.swift in Sources */,
				37D250A0213DC18800E19EF4 /* ServiceError.swift in Sources */,
				37D2507E213BFD3100E19EF4 /* SearchRepository.swift in Sources */,
				37D250A8213DD8CC00E19EF4 /* AsynchronousRunner.swift in Sources */,
				37D25080213C007600E19EF4 /* QuestionRequestModel.swift in Sources */,
				373C2A6F2136F0A50087A234 /* SearchQuestionsView.swift in Sources */,
				373C2A7F213723070087A234 /* QuestionCell.swift in Sources */,
				373C2A82213729250087A234 /* QuestionModel.swift in Sources */,
				373C2A6C2136F0860087A234 /* SearchQuestionsViewModel.swift in Sources */,
				37A78A91213470D900E1C8D6 /* AppDelegate.swift in Sources */,
				3706FB6D213AF3020025907C /* QuestionViewModel.swift in Sources */,
			);
			runOnlyForDeploymentPostprocessing = 0;
		};
		37A78A9D213470DA00E1C8D6 /* Sources */ = {
			isa = PBXSourcesBuildPhase;
			buildActionMask = 2147483647;
			files = (
				37D250AA213DDB1700E19EF4 /* MockAsynchronousRunner.swift in Sources */,
				37D25098213D4A9500E19EF4 /* QuestionViewModelTests.swift in Sources */,
				37D25093213D425200E19EF4 /* MockQuestionView.swift in Sources */,
				37D25088213D2B0600E19EF4 /* MockSearchQuestionsView.swift in Sources */,
				37D250A6213DC8EE00E19EF4 /* QuestionServiceImplementationTests.swift in Sources */,
				37D2509C213D6C8100E19EF4 /* SearchRepositoryImplementationTests.swift in Sources */,
				37D2509A213D699500E19EF4 /* MockQuestionService.swift in Sources */,
				373C2A7B2136F4C40087A234 /* SearchQuestionsViewModelTests.swift in Sources */,
				37D2508A213D2BE400E19EF4 /* MockSearchRepository.swift in Sources */,
				37D250A4213DC83D00E19EF4 /* MockServiceFactory.swift in Sources */,
				37D2508D213D37CF00E19EF4 /* TestDataGenerator.swift in Sources */,
			);
			runOnlyForDeploymentPostprocessing = 0;
		};
/* End PBXSourcesBuildPhase section */

/* Begin PBXTargetDependency section */
		37A78AA3213470DA00E1C8D6 /* PBXTargetDependency */ = {
			isa = PBXTargetDependency;
			target = 37A78A8C213470D800E1C8D6 /* GK Exchange */;
			targetProxy = 37A78AA2213470DA00E1C8D6 /* PBXContainerItemProxy */;
		};
/* End PBXTargetDependency section */

/* Begin PBXVariantGroup section */
		37A78A94213470D900E1C8D6 /* Main.storyboard */ = {
			isa = PBXVariantGroup;
			children = (
				37A78A95213470D900E1C8D6 /* Base */,
			);
			name = Main.storyboard;
			sourceTree = "<group>";
		};
		37A78A99213470DA00E1C8D6 /* LaunchScreen.storyboard */ = {
			isa = PBXVariantGroup;
			children = (
				37A78A9A213470DA00E1C8D6 /* Base */,
			);
			name = LaunchScreen.storyboard;
			sourceTree = "<group>";
		};
/* End PBXVariantGroup section */

/* Begin XCBuildConfiguration section */
		37A78AA8213470DA00E1C8D6 /* Debug */ = {
			isa = XCBuildConfiguration;
			buildSettings = {
				ALWAYS_SEARCH_USER_PATHS = NO;
				CLANG_ANALYZER_NONNULL = YES;
				CLANG_ANALYZER_NUMBER_OBJECT_CONVERSION = YES_AGGRESSIVE;
				CLANG_CXX_LANGUAGE_STANDARD = "gnu++14";
				CLANG_CXX_LIBRARY = "libc++";
				CLANG_ENABLE_MODULES = YES;
				CLANG_ENABLE_OBJC_ARC = YES;
				CLANG_ENABLE_OBJC_WEAK = YES;
				CLANG_WARN_BLOCK_CAPTURE_AUTORELEASING = YES;
				CLANG_WARN_BOOL_CONVERSION = YES;
				CLANG_WARN_COMMA = YES;
				CLANG_WARN_CONSTANT_CONVERSION = YES;
				CLANG_WARN_DEPRECATED_OBJC_IMPLEMENTATIONS = YES;
				CLANG_WARN_DIRECT_OBJC_ISA_USAGE = YES_ERROR;
				CLANG_WARN_DOCUMENTATION_COMMENTS = YES;
				CLANG_WARN_EMPTY_BODY = YES;
				CLANG_WARN_ENUM_CONVERSION = YES;
				CLANG_WARN_INFINITE_RECURSION = YES;
				CLANG_WARN_INT_CONVERSION = YES;
				CLANG_WARN_NON_LITERAL_NULL_CONVERSION = YES;
				CLANG_WARN_OBJC_IMPLICIT_RETAIN_SELF = YES;
				CLANG_WARN_OBJC_LITERAL_CONVERSION = YES;
				CLANG_WARN_OBJC_ROOT_CLASS = YES_ERROR;
				CLANG_WARN_RANGE_LOOP_ANALYSIS = YES;
				CLANG_WARN_STRICT_PROTOTYPES = YES;
				CLANG_WARN_SUSPICIOUS_MOVE = YES;
				CLANG_WARN_UNGUARDED_AVAILABILITY = YES_AGGRESSIVE;
				CLANG_WARN_UNREACHABLE_CODE = YES;
				CLANG_WARN__DUPLICATE_METHOD_MATCH = YES;
				CODE_SIGN_IDENTITY = "iPhone Developer";
				COPY_PHASE_STRIP = NO;
				DEBUG_INFORMATION_FORMAT = dwarf;
				ENABLE_STRICT_OBJC_MSGSEND = YES;
				ENABLE_TESTABILITY = YES;
				GCC_C_LANGUAGE_STANDARD = gnu11;
				GCC_DYNAMIC_NO_PIC = NO;
				GCC_NO_COMMON_BLOCKS = YES;
				GCC_OPTIMIZATION_LEVEL = 0;
				GCC_PREPROCESSOR_DEFINITIONS = (
					"DEBUG=1",
					"$(inherited)",
				);
				GCC_WARN_64_TO_32_BIT_CONVERSION = YES;
				GCC_WARN_ABOUT_RETURN_TYPE = YES_ERROR;
				GCC_WARN_UNDECLARED_SELECTOR = YES;
				GCC_WARN_UNINITIALIZED_AUTOS = YES_AGGRESSIVE;
				GCC_WARN_UNUSED_FUNCTION = YES;
				GCC_WARN_UNUSED_VARIABLE = YES;
				IPHONEOS_DEPLOYMENT_TARGET = 9.0;
				MTL_ENABLE_DEBUG_INFO = YES;
				ONLY_ACTIVE_ARCH = YES;
				SDKROOT = iphoneos;
				SWIFT_ACTIVE_COMPILATION_CONDITIONS = DEBUG;
				SWIFT_OPTIMIZATION_LEVEL = "-Onone";
			};
			name = Debug;
		};
		37A78AA9213470DA00E1C8D6 /* Release */ = {
			isa = XCBuildConfiguration;
			buildSettings = {
				ALWAYS_SEARCH_USER_PATHS = NO;
				CLANG_ANALYZER_NONNULL = YES;
				CLANG_ANALYZER_NUMBER_OBJECT_CONVERSION = YES_AGGRESSIVE;
				CLANG_CXX_LANGUAGE_STANDARD = "gnu++14";
				CLANG_CXX_LIBRARY = "libc++";
				CLANG_ENABLE_MODULES = YES;
				CLANG_ENABLE_OBJC_ARC = YES;
				CLANG_ENABLE_OBJC_WEAK = YES;
				CLANG_WARN_BLOCK_CAPTURE_AUTORELEASING = YES;
				CLANG_WARN_BOOL_CONVERSION = YES;
				CLANG_WARN_COMMA = YES;
				CLANG_WARN_CONSTANT_CONVERSION = YES;
				CLANG_WARN_DEPRECATED_OBJC_IMPLEMENTATIONS = YES;
				CLANG_WARN_DIRECT_OBJC_ISA_USAGE = YES_ERROR;
				CLANG_WARN_DOCUMENTATION_COMMENTS = YES;
				CLANG_WARN_EMPTY_BODY = YES;
				CLANG_WARN_ENUM_CONVERSION = YES;
				CLANG_WARN_INFINITE_RECURSION = YES;
				CLANG_WARN_INT_CONVERSION = YES;
				CLANG_WARN_NON_LITERAL_NULL_CONVERSION = YES;
				CLANG_WARN_OBJC_IMPLICIT_RETAIN_SELF = YES;
				CLANG_WARN_OBJC_LITERAL_CONVERSION = YES;
				CLANG_WARN_OBJC_ROOT_CLASS = YES_ERROR;
				CLANG_WARN_RANGE_LOOP_ANALYSIS = YES;
				CLANG_WARN_STRICT_PROTOTYPES = YES;
				CLANG_WARN_SUSPICIOUS_MOVE = YES;
				CLANG_WARN_UNGUARDED_AVAILABILITY = YES_AGGRESSIVE;
				CLANG_WARN_UNREACHABLE_CODE = YES;
				CLANG_WARN__DUPLICATE_METHOD_MATCH = YES;
				CODE_SIGN_IDENTITY = "iPhone Developer";
				COPY_PHASE_STRIP = NO;
				DEBUG_INFORMATION_FORMAT = "dwarf-with-dsym";
				ENABLE_NS_ASSERTIONS = NO;
				ENABLE_STRICT_OBJC_MSGSEND = YES;
				GCC_C_LANGUAGE_STANDARD = gnu11;
				GCC_NO_COMMON_BLOCKS = YES;
				GCC_WARN_64_TO_32_BIT_CONVERSION = YES;
				GCC_WARN_ABOUT_RETURN_TYPE = YES_ERROR;
				GCC_WARN_UNDECLARED_SELECTOR = YES;
				GCC_WARN_UNINITIALIZED_AUTOS = YES_AGGRESSIVE;
				GCC_WARN_UNUSED_FUNCTION = YES;
				GCC_WARN_UNUSED_VARIABLE = YES;
				IPHONEOS_DEPLOYMENT_TARGET = 9.0;
				MTL_ENABLE_DEBUG_INFO = NO;
				SDKROOT = iphoneos;
				SWIFT_COMPILATION_MODE = wholemodule;
				SWIFT_OPTIMIZATION_LEVEL = "-O";
				VALIDATE_PRODUCT = YES;
			};
			name = Release;
		};
		37A78AAB213470DA00E1C8D6 /* Debug */ = {
			isa = XCBuildConfiguration;
			buildSettings = {
				ASSETCATALOG_COMPILER_APPICON_NAME = AppIcon;
				CODE_SIGN_STYLE = Automatic;
				DEVELOPMENT_TEAM = Q984GJD2FZ;
				INFOPLIST_FILE = "GK Exchange/Info.plist";
				LD_RUNPATH_SEARCH_PATHS = (
					"$(inherited)",
					"@executable_path/Frameworks",
				);
				PRODUCT_BUNDLE_IDENTIFIER = "com.Global.GK-Exchange";
				PRODUCT_NAME = "$(TARGET_NAME)";
				SWIFT_VERSION = 4.0;
				TARGETED_DEVICE_FAMILY = "1,2";
			};
			name = Debug;
		};
		37A78AAC213470DA00E1C8D6 /* Release */ = {
			isa = XCBuildConfiguration;
			buildSettings = {
				ASSETCATALOG_COMPILER_APPICON_NAME = AppIcon;
				CODE_SIGN_STYLE = Automatic;
				DEVELOPMENT_TEAM = Q984GJD2FZ;
				INFOPLIST_FILE = "GK Exchange/Info.plist";
				LD_RUNPATH_SEARCH_PATHS = (
					"$(inherited)",
					"@executable_path/Frameworks",
				);
				PRODUCT_BUNDLE_IDENTIFIER = "com.Global.GK-Exchange";
				PRODUCT_NAME = "$(TARGET_NAME)";
				SWIFT_VERSION = 4.0;
				TARGETED_DEVICE_FAMILY = "1,2";
			};
			name = Release;
		};
		37A78AAE213470DA00E1C8D6 /* Debug */ = {
			isa = XCBuildConfiguration;
			buildSettings = {
				ALWAYS_EMBED_SWIFT_STANDARD_LIBRARIES = YES;
				BUNDLE_LOADER = "$(TEST_HOST)";
				CLANG_ENABLE_MODULES = YES;
				CODE_SIGN_STYLE = Automatic;
				DEVELOPMENT_TEAM = Q984GJD2FZ;
				INFOPLIST_FILE = "GK ExchangeTests/Info.plist";
				LD_RUNPATH_SEARCH_PATHS = (
					"$(inherited)",
					"@executable_path/Frameworks",
					"@loader_path/Frameworks",
				);
				PRODUCT_BUNDLE_IDENTIFIER = "com.Global.GK-ExchangeTests";
				PRODUCT_NAME = "$(TARGET_NAME)";
				SWIFT_OBJC_BRIDGING_HEADER = "GK ExchangeTests/GK ExchangeTests-Bridging-Header.h";
				SWIFT_OPTIMIZATION_LEVEL = "-Onone";
				SWIFT_VERSION = 4.0;
				TARGETED_DEVICE_FAMILY = "1,2";
				TEST_HOST = "$(BUILT_PRODUCTS_DIR)/GK Exchange.app/GK Exchange";
			};
			name = Debug;
		};
		37A78AAF213470DA00E1C8D6 /* Release */ = {
			isa = XCBuildConfiguration;
			buildSettings = {
				ALWAYS_EMBED_SWIFT_STANDARD_LIBRARIES = YES;
				BUNDLE_LOADER = "$(TEST_HOST)";
				CLANG_ENABLE_MODULES = YES;
				CODE_SIGN_STYLE = Automatic;
				DEVELOPMENT_TEAM = Q984GJD2FZ;
				INFOPLIST_FILE = "GK ExchangeTests/Info.plist";
				LD_RUNPATH_SEARCH_PATHS = (
					"$(inherited)",
					"@executable_path/Frameworks",
					"@loader_path/Frameworks",
				);
				PRODUCT_BUNDLE_IDENTIFIER = "com.Global.GK-ExchangeTests";
				PRODUCT_NAME = "$(TARGET_NAME)";
				SWIFT_OBJC_BRIDGING_HEADER = "GK ExchangeTests/GK ExchangeTests-Bridging-Header.h";
				SWIFT_VERSION = 4.0;
				TARGETED_DEVICE_FAMILY = "1,2";
				TEST_HOST = "$(BUILT_PRODUCTS_DIR)/GK Exchange.app/GK Exchange";
			};
			name = Release;
		};
/* End XCBuildConfiguration section */

/* Begin XCConfigurationList section */
		37A78A88213470D800E1C8D6 /* Build configuration list for PBXProject "GK Exchange" */ = {
			isa = XCConfigurationList;
			buildConfigurations = (
				37A78AA8213470DA00E1C8D6 /* Debug */,
				37A78AA9213470DA00E1C8D6 /* Release */,
			);
			defaultConfigurationIsVisible = 0;
			defaultConfigurationName = Release;
		};
		37A78AAA213470DA00E1C8D6 /* Build configuration list for PBXNativeTarget "GK Exchange" */ = {
			isa = XCConfigurationList;
			buildConfigurations = (
				37A78AAB213470DA00E1C8D6 /* Debug */,
				37A78AAC213470DA00E1C8D6 /* Release */,
			);
			defaultConfigurationIsVisible = 0;
			defaultConfigurationName = Release;
		};
		37A78AAD213470DA00E1C8D6 /* Build configuration list for PBXNativeTarget "GK ExchangeTests" */ = {
			isa = XCConfigurationList;
			buildConfigurations = (
				37A78AAE213470DA00E1C8D6 /* Debug */,
				37A78AAF213470DA00E1C8D6 /* Release */,
			);
			defaultConfigurationIsVisible = 0;
			defaultConfigurationName = Release;
		};
/* End XCConfigurationList section */
	};
	rootObject = 37A78A85213470D800E1C8D6 /* Project object */;
}
